
Microsoft Visual Studio Solution File, Format Version 12.00
# Visual Studio 15
VisualStudioVersion = 15.0.28307.136
MinimumVisualStudioVersion = 10.0.40219.1
Project("{FAE04EC0-301F-11D3-BF4B-00C04F79EFBC}") = "Awsome", "Awsome\Awsome.csproj", "{AF31B7CE-36D3-4E46-8421-CBCC79A9DE43}"
EndProject
Global
	GlobalSection(SolutionConfigurationPlatforms) = preSolution
		Debug|Any CPU = Debug|Any CPU
		Release|Any CPU = Release|Any CPU
	EndGlobalSection
	GlobalSection(ProjectConfigurationPlatforms) = postSolution
		{AF31B7CE-36D3-4E46-8421-CBCC79A9DE43}.Debug|Any CPU.ActiveCfg = Debug|Any CPU
		{AF31B7CE-36D3-4E46-8421-CBCC79A9DE43}.Debug|Any CPU.Build.0 = Debug|Any CPU
		{AF31B7CE-36D3-4E46-8421-CBCC79A9DE43}.Release|Any CPU.ActiveCfg = Release|Any CPU
		{AF31B7CE-36D3-4E46-8421-CBCC79A9DE43}.Release|Any CPU.Build.0 = Release|Any CPU
	EndGlobalSection
	GlobalSection(SolutionProperties) = preSolution
		HideSolutionNode = FALSE
	EndGlobalSection
	GlobalSection(ExtensibilityGlobals) = postSolution
		SolutionGuid = {4001239F-5ACB-4E16-8199-A787DF9F7809}
	EndGlobalSection
EndGlobal
