
Microsoft Visual Studio Solution File, Format Version 12.00
# Visual Studio 15
VisualStudioVersion = 15.0.28307.136
MinimumVisualStudioVersion = 10.0.40219.1
Project("{FAE04EC0-301F-11D3-BF4B-00C04F79EFBC}") = "nameInput", "nameInput\nameInput.csproj", "{867D1866-2A8F-46DB-82E6-800F344A4DF3}"
EndProject
Global
	GlobalSection(SolutionConfigurationPlatforms) = preSolution
		Debug|Any CPU = Debug|Any CPU
		Release|Any CPU = Release|Any CPU
	EndGlobalSection
	GlobalSection(ProjectConfigurationPlatforms) = postSolution
		{867D1866-2A8F-46DB-82E6-800F344A4DF3}.Debug|Any CPU.ActiveCfg = Debug|Any CPU
		{867D1866-2A8F-46DB-82E6-800F344A4DF3}.Debug|Any CPU.Build.0 = Debug|Any CPU
		{867D1866-2A8F-46DB-82E6-800F344A4DF3}.Release|Any CPU.ActiveCfg = Release|Any CPU
		{867D1866-2A8F-46DB-82E6-800F344A4DF3}.Release|Any CPU.Build.0 = Release|Any CPU
	EndGlobalSection
	GlobalSection(SolutionProperties) = preSolution
		HideSolutionNode = FALSE
	EndGlobalSection
	GlobalSection(ExtensibilityGlobals) = postSolution
		SolutionGuid = {E09D5C2D-86AB-4E82-B988-61F6197CC84D}
	EndGlobalSection
EndGlobal
